// !$*UTF8*$!
{
	archiveVersion = 1;
	classes = {
	};
	objectVersion = 50;
	objects = {

/* Begin PBXBuildFile section */
		05DE12F54A6E51754B2E81AA /* Pods_SHLModelEvaluation.framework in Frameworks */ = {isa = PBXBuildFile; fileRef = DA629E094B446EE47E9D7FC2 /* Pods_SHLModelEvaluation.framework */; };
		BE098F0C26DF6A950076F6F2 /* Parameter.swift in Sources */ = {isa = PBXBuildFile; fileRef = BE098F0B26DF6A950076F6F2 /* Parameter.swift */; };
		BE098F0E26DF730E0076F6F2 /* Triaxial.swift in Sources */ = {isa = PBXBuildFile; fileRef = BE098F0D26DF730E0076F6F2 /* Triaxial.swift */; };
		BE098F1026DF73490076F6F2 /* Window.swift in Sources */ = {isa = PBXBuildFile; fileRef = BE098F0F26DF73490076F6F2 /* Window.swift */; };
		BE098F1326DF75B50076F6F2 /* Sensors.swift in Sources */ = {isa = PBXBuildFile; fileRef = BE098F1226DF75B50076F6F2 /* Sensors.swift */; };
		BE098F1526DF78610076F6F2 /* Classifier.swift in Sources */ = {isa = PBXBuildFile; fileRef = BE098F1426DF78610076F6F2 /* Classifier.swift */; };
		BE098F1726DF7E070076F6F2 /* Pipeline.swift in Sources */ = {isa = PBXBuildFile; fileRef = BE098F1626DF7E070076F6F2 /* Pipeline.swift */; };
		BE098F1B26DFA0930076F6F2 /* Preprocessing.swift in Sources */ = {isa = PBXBuildFile; fileRef = BE098F1A26DFA0930076F6F2 /* Preprocessing.swift */; };
		BE1D4D5626DFB5A100F9A0DD /* Inference.swift in Sources */ = {isa = PBXBuildFile; fileRef = BE1D4D5526DFB5A100F9A0DD /* Inference.swift */; };
		BE1D4D6026DFB9DA00F9A0DD /* 6af8a156f95b675b9ae9689d66c25b64.json in Resources */ = {isa = PBXBuildFile; fileRef = BE1D4D5F26DFB9DA00F9A0DD /* 6af8a156f95b675b9ae9689d66c25b64.json */; };
		BE1D4D6526DFBFAA00F9A0DD /* 7523152748da6ca5d4d59234b3732c89.json in Resources */ = {isa = PBXBuildFile; fileRef = BE1D4D6426DFBFAA00F9A0DD /* 7523152748da6ca5d4d59234b3732c89.json */; };
		BE1D4D6A26DFC1F700F9A0DD /* 968ca3e771b5efa5855ba841f69c463a.json in Resources */ = {isa = PBXBuildFile; fileRef = BE1D4D6926DFC1F700F9A0DD /* 968ca3e771b5efa5855ba841f69c463a.json */; };
		BE1D4D6B26DFC1F700F9A0DD /* 968ca3e771b5efa5855ba841f69c463a.json in Resources */ = {isa = PBXBuildFile; fileRef = BE1D4D6926DFC1F700F9A0DD /* 968ca3e771b5efa5855ba841f69c463a.json */; };
		BE1D4D7326DFC3EB00F9A0DD /* 4ad2e771492aac5b42c89d9b5a835857.json in Resources */ = {isa = PBXBuildFile; fileRef = BE1D4D7226DFC3EB00F9A0DD /* 4ad2e771492aac5b42c89d9b5a835857.json */; };
		BE1D4D7426DFC3EB00F9A0DD /* 4ad2e771492aac5b42c89d9b5a835857.json in Resources */ = {isa = PBXBuildFile; fileRef = BE1D4D7226DFC3EB00F9A0DD /* 4ad2e771492aac5b42c89d9b5a835857.json */; };
		BE1D4D7926DFC50700F9A0DD /* e6c36740f115fc7510ff472225bedeac.json in Resources */ = {isa = PBXBuildFile; fileRef = BE1D4D7826DFC50700F9A0DD /* e6c36740f115fc7510ff472225bedeac.json */; };
		BE1D4D7A26DFC50700F9A0DD /* e6c36740f115fc7510ff472225bedeac.json in Resources */ = {isa = PBXBuildFile; fileRef = BE1D4D7826DFC50700F9A0DD /* e6c36740f115fc7510ff472225bedeac.json */; };
		BE1D4D7F26DFC6DF00F9A0DD /* 35d1710beb7573fa3d55a684e5e5d9a5.json in Resources */ = {isa = PBXBuildFile; fileRef = BE1D4D7E26DFC6DF00F9A0DD /* 35d1710beb7573fa3d55a684e5e5d9a5.json */; };
		BE1D4D8026DFC6DF00F9A0DD /* 35d1710beb7573fa3d55a684e5e5d9a5.json in Resources */ = {isa = PBXBuildFile; fileRef = BE1D4D7E26DFC6DF00F9A0DD /* 35d1710beb7573fa3d55a684e5e5d9a5.json */; };
		BE1D4D8526DFC7CD00F9A0DD /* 7cfd6602ff1ee897fd95deebf54ec24a.json in Resources */ = {isa = PBXBuildFile; fileRef = BE1D4D8426DFC7CD00F9A0DD /* 7cfd6602ff1ee897fd95deebf54ec24a.json */; };
		BE1D4D8626DFC7CD00F9A0DD /* 7cfd6602ff1ee897fd95deebf54ec24a.json in Resources */ = {isa = PBXBuildFile; fileRef = BE1D4D8426DFC7CD00F9A0DD /* 7cfd6602ff1ee897fd95deebf54ec24a.json */; };
		BE1D4D8D26DFD0E600F9A0DD /* gyr_mag.scaler.json in Resources */ = {isa = PBXBuildFile; fileRef = BE1D4D8A26DFD0E600F9A0DD /* gyr_mag.scaler.json */; };
		BE1D4D8E26DFD0E600F9A0DD /* gyr_mag.scaler.json in Resources */ = {isa = PBXBuildFile; fileRef = BE1D4D8A26DFD0E600F9A0DD /* gyr_mag.scaler.json */; };
		BE1D4D8F26DFD0E600F9A0DD /* acc_mag.scaler.json in Resources */ = {isa = PBXBuildFile; fileRef = BE1D4D8B26DFD0E600F9A0DD /* acc_mag.scaler.json */; };
		BE1D4D9026DFD0E600F9A0DD /* acc_mag.scaler.json in Resources */ = {isa = PBXBuildFile; fileRef = BE1D4D8B26DFD0E600F9A0DD /* acc_mag.scaler.json */; };
		BE1D4D9126DFD0E600F9A0DD /* mag_mag.scaler.json in Resources */ = {isa = PBXBuildFile; fileRef = BE1D4D8C26DFD0E600F9A0DD /* mag_mag.scaler.json */; };
		BE1D4D9226DFD0E600F9A0DD /* mag_mag.scaler.json in Resources */ = {isa = PBXBuildFile; fileRef = BE1D4D8C26DFD0E600F9A0DD /* mag_mag.scaler.json */; };
		BEDB208126E21560003746DC /* ea70373fe386b068ffab6704b4ac25fc.json in Resources */ = {isa = PBXBuildFile; fileRef = BEDB208026E21560003746DC /* ea70373fe386b068ffab6704b4ac25fc.json */; };
		BEDB208226E21560003746DC /* ea70373fe386b068ffab6704b4ac25fc.json in Resources */ = {isa = PBXBuildFile; fileRef = BEDB208026E21560003746DC /* ea70373fe386b068ffab6704b4ac25fc.json */; };
		BEDB208726E217C8003746DC /* 9988226d7297eb039365ad50f7c5ea0b.json in Resources */ = {isa = PBXBuildFile; fileRef = BEDB208626E217C8003746DC /* 9988226d7297eb039365ad50f7c5ea0b.json */; };
		BEDB208826E217C8003746DC /* 9988226d7297eb039365ad50f7c5ea0b.json in Resources */ = {isa = PBXBuildFile; fileRef = BEDB208626E217C8003746DC /* 9988226d7297eb039365ad50f7c5ea0b.json */; };
		BEDB208D26E2187E003746DC /* cb5048dd197b94c8b420dbcdb49f378f.json in Resources */ = {isa = PBXBuildFile; fileRef = BEDB208C26E2187E003746DC /* cb5048dd197b94c8b420dbcdb49f378f.json */; };
		BEDB208E26E2187E003746DC /* cb5048dd197b94c8b420dbcdb49f378f.json in Resources */ = {isa = PBXBuildFile; fileRef = BEDB208C26E2187E003746DC /* cb5048dd197b94c8b420dbcdb49f378f.json */; };
		BEDB209026E218AA003746DC /* model.tflite in Resources */ = {isa = PBXBuildFile; fileRef = BEDB208F26E218AA003746DC /* model.tflite */; };
		BEDB209126E218AA003746DC /* model.tflite in Resources */ = {isa = PBXBuildFile; fileRef = BEDB208F26E218AA003746DC /* model.tflite */; };
		BEDB209326E21A93003746DC /* Preprocessing.swift in Sources */ = {isa = PBXBuildFile; fileRef = BEDB209226E21A93003746DC /* Preprocessing.swift */; };
		BEDB209426E21A93003746DC /* Preprocessing.swift in Sources */ = {isa = PBXBuildFile; fileRef = BEDB209226E21A93003746DC /* Preprocessing.swift */; };
		BEDB209726E2229B003746DC /* generate_data.ipynb in Resources */ = {isa = PBXBuildFile; fileRef = BEDB209626E2229A003746DC /* generate_data.ipynb */; };
		BEDB209826E2229B003746DC /* generate_data.ipynb in Resources */ = {isa = PBXBuildFile; fileRef = BEDB209626E2229A003746DC /* generate_data.ipynb */; };
		BEDB209A26E222A4003746DC /* testdata.json in Resources */ = {isa = PBXBuildFile; fileRef = BEDB209926E222A4003746DC /* testdata.json */; };
		BEDB209B26E222A4003746DC /* testdata.json in Resources */ = {isa = PBXBuildFile; fileRef = BEDB209926E222A4003746DC /* testdata.json */; };
		BEDBE43E26B7DBC70091E5AE /* App.swift in Sources */ = {isa = PBXBuildFile; fileRef = BEDBE43D26B7DBC70091E5AE /* App.swift */; };
		BEDBE44226B7DBC80091E5AE /* Assets.xcassets in Resources */ = {isa = PBXBuildFile; fileRef = BEDBE44126B7DBC80091E5AE /* Assets.xcassets */; };
		BEDBE44526B7DBC80091E5AE /* Preview Assets.xcassets in Resources */ = {isa = PBXBuildFile; fileRef = BEDBE44426B7DBC80091E5AE /* Preview Assets.xcassets */; };
/* End PBXBuildFile section */

/* Begin PBXContainerItemProxy section */
		BE1D4D5826DFB5A100F9A0DD /* PBXContainerItemProxy */ = {
			isa = PBXContainerItemProxy;
			containerPortal = BEDBE43226B7DBC70091E5AE /* Project object */;
			proxyType = 1;
			remoteGlobalIDString = BEDBE43926B7DBC70091E5AE;
			remoteInfo = SHLModelEvaluation;
		};
/* End PBXContainerItemProxy section */

/* Begin PBXFileReference section */
		2E4A9A61E04934448D2961B6 /* Pods-SHLModelEvaluation.debug.xcconfig */ = {isa = PBXFileReference; includeInIndex = 1; lastKnownFileType = text.xcconfig; name = "Pods-SHLModelEvaluation.debug.xcconfig"; path = "Target Support Files/Pods-SHLModelEvaluation/Pods-SHLModelEvaluation.debug.xcconfig"; sourceTree = "<group>"; };
		67AE18E9391D63D392A4B584 /* Pods-SHLModelEvaluation.release.xcconfig */ = {isa = PBXFileReference; includeInIndex = 1; lastKnownFileType = text.xcconfig; name = "Pods-SHLModelEvaluation.release.xcconfig"; path = "Target Support Files/Pods-SHLModelEvaluation/Pods-SHLModelEvaluation.release.xcconfig"; sourceTree = "<group>"; };
		BE098F0B26DF6A950076F6F2 /* Parameter.swift */ = {isa = PBXFileReference; lastKnownFileType = sourcecode.swift; path = Parameter.swift; sourceTree = "<group>"; };
		BE098F0D26DF730E0076F6F2 /* Triaxial.swift */ = {isa = PBXFileReference; lastKnownFileType = sourcecode.swift; path = Triaxial.swift; sourceTree = "<group>"; };
		BE098F0F26DF73490076F6F2 /* Window.swift */ = {isa = PBXFileReference; lastKnownFileType = sourcecode.swift; path = Window.swift; sourceTree = "<group>"; };
		BE098F1226DF75B50076F6F2 /* Sensors.swift */ = {isa = PBXFileReference; lastKnownFileType = sourcecode.swift; path = Sensors.swift; sourceTree = "<group>"; };
		BE098F1426DF78610076F6F2 /* Classifier.swift */ = {isa = PBXFileReference; lastKnownFileType = sourcecode.swift; path = Classifier.swift; sourceTree = "<group>"; };
		BE098F1626DF7E070076F6F2 /* Pipeline.swift */ = {isa = PBXFileReference; lastKnownFileType = sourcecode.swift; path = Pipeline.swift; sourceTree = "<group>"; };
		BE098F1A26DFA0930076F6F2 /* Preprocessing.swift */ = {isa = PBXFileReference; lastKnownFileType = sourcecode.swift; path = Preprocessing.swift; sourceTree = "<group>"; };
		BE1D4D5326DFB5A100F9A0DD /* SHLModelEvaluationTests.xctest */ = {isa = PBXFileReference; explicitFileType = wrapper.cfbundle; includeInIndex = 0; path = SHLModelEvaluationTests.xctest; sourceTree = BUILT_PRODUCTS_DIR; };
		BE1D4D5526DFB5A100F9A0DD /* Inference.swift */ = {isa = PBXFileReference; lastKnownFileType = sourcecode.swift; path = Inference.swift; sourceTree = "<group>"; };
		BE1D4D5726DFB5A100F9A0DD /* Info.plist */ = {isa = PBXFileReference; lastKnownFileType = text.plist.xml; path = Info.plist; sourceTree = "<group>"; };
		BE1D4D5F26DFB9DA00F9A0DD /* 6af8a156f95b675b9ae9689d66c25b64.json */ = {isa = PBXFileReference; lastKnownFileType = text.json; path = 6af8a156f95b675b9ae9689d66c25b64.json; sourceTree = "<group>"; };
		BE1D4D6426DFBFAA00F9A0DD /* 7523152748da6ca5d4d59234b3732c89.json */ = {isa = PBXFileReference; lastKnownFileType = text.json; path = 7523152748da6ca5d4d59234b3732c89.json; sourceTree = "<group>"; };
		BE1D4D6926DFC1F700F9A0DD /* 968ca3e771b5efa5855ba841f69c463a.json */ = {isa = PBXFileReference; lastKnownFileType = text.json; path = 968ca3e771b5efa5855ba841f69c463a.json; sourceTree = "<group>"; };
		BE1D4D7226DFC3EB00F9A0DD /* 4ad2e771492aac5b42c89d9b5a835857.json */ = {isa = PBXFileReference; lastKnownFileType = text.json; path = 4ad2e771492aac5b42c89d9b5a835857.json; sourceTree = "<group>"; };
		BE1D4D7826DFC50700F9A0DD /* e6c36740f115fc7510ff472225bedeac.json */ = {isa = PBXFileReference; lastKnownFileType = text.json; path = e6c36740f115fc7510ff472225bedeac.json; sourceTree = "<group>"; };
		BE1D4D7E26DFC6DF00F9A0DD /* 35d1710beb7573fa3d55a684e5e5d9a5.json */ = {isa = PBXFileReference; lastKnownFileType = text.json; path = 35d1710beb7573fa3d55a684e5e5d9a5.json; sourceTree = "<group>"; };
		BE1D4D8426DFC7CD00F9A0DD /* 7cfd6602ff1ee897fd95deebf54ec24a.json */ = {isa = PBXFileReference; lastKnownFileType = text.json; path = 7cfd6602ff1ee897fd95deebf54ec24a.json; sourceTree = "<group>"; };
		BE1D4D8A26DFD0E600F9A0DD /* gyr_mag.scaler.json */ = {isa = PBXFileReference; fileEncoding = 4; lastKnownFileType = text.json; path = gyr_mag.scaler.json; sourceTree = "<group>"; };
		BE1D4D8B26DFD0E600F9A0DD /* acc_mag.scaler.json */ = {isa = PBXFileReference; fileEncoding = 4; lastKnownFileType = text.json; path = acc_mag.scaler.json; sourceTree = "<group>"; };
		BE1D4D8C26DFD0E600F9A0DD /* mag_mag.scaler.json */ = {isa = PBXFileReference; fileEncoding = 4; lastKnownFileType = text.json; path = mag_mag.scaler.json; sourceTree = "<group>"; };
		BEDB208026E21560003746DC /* ea70373fe386b068ffab6704b4ac25fc.json */ = {isa = PBXFileReference; lastKnownFileType = text.json; path = ea70373fe386b068ffab6704b4ac25fc.json; sourceTree = "<group>"; };
		BEDB208626E217C8003746DC /* 9988226d7297eb039365ad50f7c5ea0b.json */ = {isa = PBXFileReference; lastKnownFileType = text.json; path = 9988226d7297eb039365ad50f7c5ea0b.json; sourceTree = "<group>"; };
		BEDB208C26E2187E003746DC /* cb5048dd197b94c8b420dbcdb49f378f.json */ = {isa = PBXFileReference; lastKnownFileType = text.json; path = cb5048dd197b94c8b420dbcdb49f378f.json; sourceTree = "<group>"; };
		BEDB208F26E218AA003746DC /* model.tflite */ = {isa = PBXFileReference; lastKnownFileType = file; path = model.tflite; sourceTree = "<group>"; };
		BEDB209226E21A93003746DC /* Preprocessing.swift */ = {isa = PBXFileReference; lastKnownFileType = sourcecode.swift; path = Preprocessing.swift; sourceTree = "<group>"; };
		BEDB209626E2229A003746DC /* generate_data.ipynb */ = {isa = PBXFileReference; fileEncoding = 4; lastKnownFileType = text; path = generate_data.ipynb; sourceTree = "<group>"; };
		BEDB209926E222A4003746DC /* testdata.json */ = {isa = PBXFileReference; fileEncoding = 4; lastKnownFileType = text.json; path = testdata.json; sourceTree = "<group>"; };
		BEDBE43A26B7DBC70091E5AE /* SHLModelEvaluation.app */ = {isa = PBXFileReference; explicitFileType = wrapper.application; includeInIndex = 0; path = SHLModelEvaluation.app; sourceTree = BUILT_PRODUCTS_DIR; };
		BEDBE43D26B7DBC70091E5AE /* App.swift */ = {isa = PBXFileReference; lastKnownFileType = sourcecode.swift; path = App.swift; sourceTree = "<group>"; };
		BEDBE44126B7DBC80091E5AE /* Assets.xcassets */ = {isa = PBXFileReference; lastKnownFileType = folder.assetcatalog; path = Assets.xcassets; sourceTree = "<group>"; };
		BEDBE44426B7DBC80091E5AE /* Preview Assets.xcassets */ = {isa = PBXFileReference; lastKnownFileType = folder.assetcatalog; path = "Preview Assets.xcassets"; sourceTree = "<group>"; };
		BEDBE44626B7DBC80091E5AE /* Info.plist */ = {isa = PBXFileReference; lastKnownFileType = text.plist.xml; path = Info.plist; sourceTree = "<group>"; };
		DA629E094B446EE47E9D7FC2 /* Pods_SHLModelEvaluation.framework */ = {isa = PBXFileReference; explicitFileType = wrapper.framework; includeInIndex = 0; path = Pods_SHLModelEvaluation.framework; sourceTree = BUILT_PRODUCTS_DIR; };
/* End PBXFileReference section */

/* Begin PBXFrameworksBuildPhase section */
		BE1D4D5026DFB5A100F9A0DD /* Frameworks */ = {
			isa = PBXFrameworksBuildPhase;
			buildActionMask = 2147483647;
			files = (
			);
			runOnlyForDeploymentPostprocessing = 0;
		};
		BEDBE43726B7DBC70091E5AE /* Frameworks */ = {
			isa = PBXFrameworksBuildPhase;
			buildActionMask = 2147483647;
			files = (
				05DE12F54A6E51754B2E81AA /* Pods_SHLModelEvaluation.framework in Frameworks */,
			);
			runOnlyForDeploymentPostprocessing = 0;
		};
/* End PBXFrameworksBuildPhase section */

/* Begin PBXGroup section */
		776C0E41434D40222AB14252 /* Pods */ = {
			isa = PBXGroup;
			children = (
				2E4A9A61E04934448D2961B6 /* Pods-SHLModelEvaluation.debug.xcconfig */,
				67AE18E9391D63D392A4B584 /* Pods-SHLModelEvaluation.release.xcconfig */,
			);
			path = Pods;
			sourceTree = "<group>";
		};
		78E2BB1A6DEA675E0FF74626 /* Frameworks */ = {
			isa = PBXGroup;
			children = (
				DA629E094B446EE47E9D7FC2 /* Pods_SHLModelEvaluation.framework */,
			);
			name = Frameworks;
			sourceTree = "<group>";
		};
		BE098F0826DF6A530076F6F2 /* Library */ = {
			isa = PBXGroup;
			children = (
				BE098F0B26DF6A950076F6F2 /* Parameter.swift */,
				BE098F0D26DF730E0076F6F2 /* Triaxial.swift */,
				BE098F0F26DF73490076F6F2 /* Window.swift */,
				BE098F1226DF75B50076F6F2 /* Sensors.swift */,
				BE098F1426DF78610076F6F2 /* Classifier.swift */,
				BE098F1626DF7E070076F6F2 /* Pipeline.swift */,
				BE098F1A26DFA0930076F6F2 /* Preprocessing.swift */,
			);
			path = Library;
			sourceTree = "<group>";
		};
		BE098F1126DF73AC0076F6F2 /* Models */ = {
			isa = PBXGroup;
			children = (
				BEDB208F26E218AA003746DC /* model.tflite */,
				BE1D4D8B26DFD0E600F9A0DD /* acc_mag.scaler.json */,
				BE1D4D8A26DFD0E600F9A0DD /* gyr_mag.scaler.json */,
				BE1D4D8C26DFD0E600F9A0DD /* mag_mag.scaler.json */,
			);
			path = Models;
			sourceTree = "<group>";
		};
		BE1D4D5426DFB5A100F9A0DD /* Tests */ = {
			isa = PBXGroup;
			children = (
				BEDB209526E21AC6003746DC /* Data */,
				BE1D4D5526DFB5A100F9A0DD /* Inference.swift */,
				BEDB209226E21A93003746DC /* Preprocessing.swift */,
				BE1D4D5726DFB5A100F9A0DD /* Info.plist */,
			);
			path = Tests;
			sourceTree = "<group>";
		};
		BE1D4D5D26DFB8EB00F9A0DD /* Results */ = {
			isa = PBXGroup;
			children = (
				BE1D4D5F26DFB9DA00F9A0DD /* 6af8a156f95b675b9ae9689d66c25b64.json */,
				BE1D4D6426DFBFAA00F9A0DD /* 7523152748da6ca5d4d59234b3732c89.json */,
				BE1D4D6926DFC1F700F9A0DD /* 968ca3e771b5efa5855ba841f69c463a.json */,
				BE1D4D7226DFC3EB00F9A0DD /* 4ad2e771492aac5b42c89d9b5a835857.json */,
				BE1D4D7826DFC50700F9A0DD /* e6c36740f115fc7510ff472225bedeac.json */,
				BE1D4D7E26DFC6DF00F9A0DD /* 35d1710beb7573fa3d55a684e5e5d9a5.json */,
				BE1D4D8426DFC7CD00F9A0DD /* 7cfd6602ff1ee897fd95deebf54ec24a.json */,
				BEDB208026E21560003746DC /* ea70373fe386b068ffab6704b4ac25fc.json */,
				BEDB208626E217C8003746DC /* 9988226d7297eb039365ad50f7c5ea0b.json */,
				BEDB208C26E2187E003746DC /* cb5048dd197b94c8b420dbcdb49f378f.json */,
			);
			path = Results;
			sourceTree = "<group>";
		};
		BEDB209526E21AC6003746DC /* Data */ = {
			isa = PBXGroup;
			children = (
				BEDB209926E222A4003746DC /* testdata.json */,
				BEDB209626E2229A003746DC /* generate_data.ipynb */,
			);
			path = Data;
			sourceTree = "<group>";
		};
		BEDBE43126B7DBC70091E5AE = {
			isa = PBXGroup;
			children = (
				BE1D4D5D26DFB8EB00F9A0DD /* Results */,
				BEDBE43C26B7DBC70091E5AE /* Prototype */,
				BE1D4D5426DFB5A100F9A0DD /* Tests */,
				BEDBE43B26B7DBC70091E5AE /* Products */,
				776C0E41434D40222AB14252 /* Pods */,
				78E2BB1A6DEA675E0FF74626 /* Frameworks */,
			);
			sourceTree = "<group>";
		};
		BEDBE43B26B7DBC70091E5AE /* Products */ = {
			isa = PBXGroup;
			children = (
				BEDBE43A26B7DBC70091E5AE /* SHLModelEvaluation.app */,
				BE1D4D5326DFB5A100F9A0DD /* SHLModelEvaluationTests.xctest */,
			);
			name = Products;
			sourceTree = "<group>";
		};
		BEDBE43C26B7DBC70091E5AE /* Prototype */ = {
			isa = PBXGroup;
			children = (
				BE098F1126DF73AC0076F6F2 /* Models */,
				BE098F0826DF6A530076F6F2 /* Library */,
				BEDBE43D26B7DBC70091E5AE /* App.swift */,
				BEDBE44126B7DBC80091E5AE /* Assets.xcassets */,
				BEDBE44626B7DBC80091E5AE /* Info.plist */,
				BEDBE44326B7DBC80091E5AE /* Preview Content */,
			);
			path = Prototype;
			sourceTree = "<group>";
		};
		BEDBE44326B7DBC80091E5AE /* Preview Content */ = {
			isa = PBXGroup;
			children = (
				BEDBE44426B7DBC80091E5AE /* Preview Assets.xcassets */,
			);
			path = "Preview Content";
			sourceTree = "<group>";
		};
/* End PBXGroup section */

/* Begin PBXNativeTarget section */
		BE1D4D5226DFB5A100F9A0DD /* SHLModelEvaluationTests */ = {
			isa = PBXNativeTarget;
			buildConfigurationList = BE1D4D5A26DFB5A100F9A0DD /* Build configuration list for PBXNativeTarget "SHLModelEvaluationTests" */;
			buildPhases = (
				BE1D4D4F26DFB5A100F9A0DD /* Sources */,
				BE1D4D5026DFB5A100F9A0DD /* Frameworks */,
				BE1D4D5126DFB5A100F9A0DD /* Resources */,
			);
			buildRules = (
			);
			dependencies = (
				BE1D4D5926DFB5A100F9A0DD /* PBXTargetDependency */,
			);
			name = SHLModelEvaluationTests;
			productName = SHLModelEvaluationTests;
			productReference = BE1D4D5326DFB5A100F9A0DD /* SHLModelEvaluationTests.xctest */;
			productType = "com.apple.product-type.bundle.unit-test";
		};
		BEDBE43926B7DBC70091E5AE /* SHLModelEvaluation */ = {
			isa = PBXNativeTarget;
			buildConfigurationList = BEDBE44926B7DBC80091E5AE /* Build configuration list for PBXNativeTarget "SHLModelEvaluation" */;
			buildPhases = (
				BD8558C63B9CEAEA8C644EC9 /* [CP] Check Pods Manifest.lock */,
				BEDBE43626B7DBC70091E5AE /* Sources */,
				BEDBE43726B7DBC70091E5AE /* Frameworks */,
				BEDBE43826B7DBC70091E5AE /* Resources */,
			);
			buildRules = (
			);
			dependencies = (
			);
			name = SHLModelEvaluation;
			productName = SHLModelEvaluation;
			productReference = BEDBE43A26B7DBC70091E5AE /* SHLModelEvaluation.app */;
			productType = "com.apple.product-type.application";
		};
/* End PBXNativeTarget section */

/* Begin PBXProject section */
		BEDBE43226B7DBC70091E5AE /* Project object */ = {
			isa = PBXProject;
			attributes = {
				LastSwiftUpdateCheck = 1250;
				LastUpgradeCheck = 1250;
				TargetAttributes = {
					BE1D4D5226DFB5A100F9A0DD = {
						CreatedOnToolsVersion = 12.5;
						TestTargetID = BEDBE43926B7DBC70091E5AE;
					};
					BEDBE43926B7DBC70091E5AE = {
						CreatedOnToolsVersion = 12.5;
					};
				};
			};
			buildConfigurationList = BEDBE43526B7DBC70091E5AE /* Build configuration list for PBXProject "SHLModelEvaluation" */;
			compatibilityVersion = "Xcode 9.3";
			developmentRegion = en;
			hasScannedForEncodings = 0;
			knownRegions = (
				en,
				Base,
			);
			mainGroup = BEDBE43126B7DBC70091E5AE;
			productRefGroup = BEDBE43B26B7DBC70091E5AE /* Products */;
			projectDirPath = "";
			projectRoot = "";
			targets = (
				BEDBE43926B7DBC70091E5AE /* SHLModelEvaluation */,
				BE1D4D5226DFB5A100F9A0DD /* SHLModelEvaluationTests */,
			);
		};
/* End PBXProject section */

/* Begin PBXResourcesBuildPhase section */
		BE1D4D5126DFB5A100F9A0DD /* Resources */ = {
			isa = PBXResourcesBuildPhase;
			buildActionMask = 2147483647;
			files = (
				BE1D4D7A26DFC50700F9A0DD /* e6c36740f115fc7510ff472225bedeac.json in Resources */,
				BE1D4D9226DFD0E600F9A0DD /* mag_mag.scaler.json in Resources */,
				BEDB208826E217C8003746DC /* 9988226d7297eb039365ad50f7c5ea0b.json in Resources */,
				BEDB209B26E222A4003746DC /* testdata.json in Resources */,
				BE1D4D6B26DFC1F700F9A0DD /* 968ca3e771b5efa5855ba841f69c463a.json in Resources */,
				BEDB208226E21560003746DC /* ea70373fe386b068ffab6704b4ac25fc.json in Resources */,
				BE1D4D7426DFC3EB00F9A0DD /* 4ad2e771492aac5b42c89d9b5a835857.json in Resources */,
				BEDB209826E2229B003746DC /* generate_data.ipynb in Resources */,
				BE1D4D8E26DFD0E600F9A0DD /* gyr_mag.scaler.json in Resources */,
				BEDB209126E218AA003746DC /* model.tflite in Resources */,
				BEDB208E26E2187E003746DC /* cb5048dd197b94c8b420dbcdb49f378f.json in Resources */,
				BE1D4D8626DFC7CD00F9A0DD /* 7cfd6602ff1ee897fd95deebf54ec24a.json in Resources */,
				BE1D4D9026DFD0E600F9A0DD /* acc_mag.scaler.json in Resources */,
				BE1D4D8026DFC6DF00F9A0DD /* 35d1710beb7573fa3d55a684e5e5d9a5.json in Resources */,
			);
			runOnlyForDeploymentPostprocessing = 0;
		};
		BEDBE43826B7DBC70091E5AE /* Resources */ = {
			isa = PBXResourcesBuildPhase;
			buildActionMask = 2147483647;
			files = (
				BE1D4D6026DFB9DA00F9A0DD /* 6af8a156f95b675b9ae9689d66c25b64.json in Resources */,
				BE1D4D8F26DFD0E600F9A0DD /* acc_mag.scaler.json in Resources */,
				BEDB208726E217C8003746DC /* 9988226d7297eb039365ad50f7c5ea0b.json in Resources */,
				BEDB209026E218AA003746DC /* model.tflite in Resources */,
				BE1D4D8D26DFD0E600F9A0DD /* gyr_mag.scaler.json in Resources */,
				BEDB209A26E222A4003746DC /* testdata.json in Resources */,
				BE1D4D8526DFC7CD00F9A0DD /* 7cfd6602ff1ee897fd95deebf54ec24a.json in Resources */,
				BEDBE44526B7DBC80091E5AE /* Preview Assets.xcassets in Resources */,
				BE1D4D9126DFD0E600F9A0DD /* mag_mag.scaler.json in Resources */,
				BE1D4D7326DFC3EB00F9A0DD /* 4ad2e771492aac5b42c89d9b5a835857.json in Resources */,
				BEDB208D26E2187E003746DC /* cb5048dd197b94c8b420dbcdb49f378f.json in Resources */,
				BE1D4D7926DFC50700F9A0DD /* e6c36740f115fc7510ff472225bedeac.json in Resources */,
				BE1D4D7F26DFC6DF00F9A0DD /* 35d1710beb7573fa3d55a684e5e5d9a5.json in Resources */,
				BE1D4D6A26DFC1F700F9A0DD /* 968ca3e771b5efa5855ba841f69c463a.json in Resources */,
				BEDB208126E21560003746DC /* ea70373fe386b068ffab6704b4ac25fc.json in Resources */,
				BEDBE44226B7DBC80091E5AE /* Assets.xcassets in Resources */,
				BE1D4D6526DFBFAA00F9A0DD /* 7523152748da6ca5d4d59234b3732c89.json in Resources */,
				BEDB209726E2229B003746DC /* generate_data.ipynb in Resources */,
			);
			runOnlyForDeploymentPostprocessing = 0;
		};
/* End PBXResourcesBuildPhase section */

/* Begin PBXShellScriptBuildPhase section */
		BD8558C63B9CEAEA8C644EC9 /* [CP] Check Pods Manifest.lock */ = {
			isa = PBXShellScriptBuildPhase;
			buildActionMask = 2147483647;
			files = (
			);
			inputFileListPaths = (
			);
			inputPaths = (
				"${PODS_PODFILE_DIR_PATH}/Podfile.lock",
				"${PODS_ROOT}/Manifest.lock",
			);
			name = "[CP] Check Pods Manifest.lock";
			outputFileListPaths = (
			);
			outputPaths = (
				"$(DERIVED_FILE_DIR)/Pods-SHLModelEvaluation-checkManifestLockResult.txt",
			);
			runOnlyForDeploymentPostprocessing = 0;
			shellPath = /bin/sh;
			shellScript = "diff \"${PODS_PODFILE_DIR_PATH}/Podfile.lock\" \"${PODS_ROOT}/Manifest.lock\" > /dev/null\nif [ $? != 0 ] ; then\n    # print error to STDERR\n    echo \"error: The sandbox is not in sync with the Podfile.lock. Run 'pod install' or update your CocoaPods installation.\" >&2\n    exit 1\nfi\n# This output is used by Xcode 'outputs' to avoid re-running this script phase.\necho \"SUCCESS\" > \"${SCRIPT_OUTPUT_FILE_0}\"\n";
			showEnvVarsInLog = 0;
		};
/* End PBXShellScriptBuildPhase section */

/* Begin PBXSourcesBuildPhase section */
		BE1D4D4F26DFB5A100F9A0DD /* Sources */ = {
			isa = PBXSourcesBuildPhase;
			buildActionMask = 2147483647;
			files = (
				BE1D4D5626DFB5A100F9A0DD /* Inference.swift in Sources */,
				BEDB209426E21A93003746DC /* Preprocessing.swift in Sources */,
			);
			runOnlyForDeploymentPostprocessing = 0;
		};
		BEDBE43626B7DBC70091E5AE /* Sources */ = {
			isa = PBXSourcesBuildPhase;
			buildActionMask = 2147483647;
			files = (
				BEDB209326E21A93003746DC /* Preprocessing.swift in Sources */,
				BE098F1526DF78610076F6F2 /* Classifier.swift in Sources */,
				BE098F0C26DF6A950076F6F2 /* Parameter.swift in Sources */,
				BE098F1026DF73490076F6F2 /* Window.swift in Sources */,
				BEDBE43E26B7DBC70091E5AE /* App.swift in Sources */,
				BE098F1B26DFA0930076F6F2 /* Preprocessing.swift in Sources */,
				BE098F0E26DF730E0076F6F2 /* Triaxial.swift in Sources */,
				BE098F1326DF75B50076F6F2 /* Sensors.swift in Sources */,
				BE098F1726DF7E070076F6F2 /* Pipeline.swift in Sources */,
			);
			runOnlyForDeploymentPostprocessing = 0;
		};
/* End PBXSourcesBuildPhase section */

/* Begin PBXTargetDependency section */
		BE1D4D5926DFB5A100F9A0DD /* PBXTargetDependency */ = {
			isa = PBXTargetDependency;
			target = BEDBE43926B7DBC70091E5AE /* SHLModelEvaluation */;
			targetProxy = BE1D4D5826DFB5A100F9A0DD /* PBXContainerItemProxy */;
		};
/* End PBXTargetDependency section */

/* Begin XCBuildConfiguration section */
		BE1D4D5B26DFB5A100F9A0DD /* Debug */ = {
			isa = XCBuildConfiguration;
			buildSettings = {
				BUNDLE_LOADER = "$(TEST_HOST)";
				CODE_SIGN_STYLE = Automatic;
				DEVELOPMENT_TEAM = S36925NV4E;
				INFOPLIST_FILE = Tests/Info.plist;
				IPHONEOS_DEPLOYMENT_TARGET = 14.3;
				LD_RUNPATH_SEARCH_PATHS = (
					"$(inherited)",
					"@executable_path/Frameworks",
					"@loader_path/Frameworks",
				);
				PRODUCT_BUNDLE_IDENTIFIER = "com.philippmatthes.shl-model-evaluation.SHLModelEvaluationTests";
				PRODUCT_NAME = "$(TARGET_NAME)";
				SWIFT_VERSION = 5.0;
				TARGETED_DEVICE_FAMILY = "1,2";
				TEST_HOST = "$(BUILT_PRODUCTS_DIR)/SHLModelEvaluation.app/SHLModelEvaluation";
				TVOS_DEPLOYMENT_TARGET = 14.3;
			};
			name = Debug;
		};
		BE1D4D5C26DFB5A100F9A0DD /* Release */ = {
			isa = XCBuildConfiguration;
			buildSettings = {
				BUNDLE_LOADER = "$(TEST_HOST)";
				CODE_SIGN_STYLE = Automatic;
				DEVELOPMENT_TEAM = S36925NV4E;
				INFOPLIST_FILE = Tests/Info.plist;
				IPHONEOS_DEPLOYMENT_TARGET = 14.3;
				LD_RUNPATH_SEARCH_PATHS = (
					"$(inherited)",
					"@executable_path/Frameworks",
					"@loader_path/Frameworks",
				);
				PRODUCT_BUNDLE_IDENTIFIER = "com.philippmatthes.shl-model-evaluation.SHLModelEvaluationTests";
				PRODUCT_NAME = "$(TARGET_NAME)";
				SWIFT_VERSION = 5.0;
				TARGETED_DEVICE_FAMILY = "1,2";
				TEST_HOST = "$(BUILT_PRODUCTS_DIR)/SHLModelEvaluation.app/SHLModelEvaluation";
				TVOS_DEPLOYMENT_TARGET = 14.3;
			};
			name = Release;
		};
		BEDBE44726B7DBC80091E5AE /* Debug */ = {
			isa = XCBuildConfiguration;
			buildSettings = {
				ALWAYS_SEARCH_USER_PATHS = NO;
				CLANG_ANALYZER_NONNULL = YES;
				CLANG_ANALYZER_NUMBER_OBJECT_CONVERSION = YES_AGGRESSIVE;
				CLANG_CXX_LANGUAGE_STANDARD = "gnu++14";
				CLANG_CXX_LIBRARY = "libc++";
				CLANG_ENABLE_MODULES = YES;
				CLANG_ENABLE_OBJC_ARC = YES;
				CLANG_ENABLE_OBJC_WEAK = YES;
				CLANG_WARN_BLOCK_CAPTURE_AUTORELEASING = YES;
				CLANG_WARN_BOOL_CONVERSION = YES;
				CLANG_WARN_COMMA = YES;
				CLANG_WARN_CONSTANT_CONVERSION = YES;
				CLANG_WARN_DEPRECATED_OBJC_IMPLEMENTATIONS = YES;
				CLANG_WARN_DIRECT_OBJC_ISA_USAGE = YES_ERROR;
				CLANG_WARN_DOCUMENTATION_COMMENTS = YES;
				CLANG_WARN_EMPTY_BODY = YES;
				CLANG_WARN_ENUM_CONVERSION = YES;
				CLANG_WARN_INFINITE_RECURSION = YES;
				CLANG_WARN_INT_CONVERSION = YES;
				CLANG_WARN_NON_LITERAL_NULL_CONVERSION = YES;
				CLANG_WARN_OBJC_IMPLICIT_RETAIN_SELF = YES;
				CLANG_WARN_OBJC_LITERAL_CONVERSION = YES;
				CLANG_WARN_OBJC_ROOT_CLASS = YES_ERROR;
				CLANG_WARN_QUOTED_INCLUDE_IN_FRAMEWORK_HEADER = YES;
				CLANG_WARN_RANGE_LOOP_ANALYSIS = YES;
				CLANG_WARN_STRICT_PROTOTYPES = YES;
				CLANG_WARN_SUSPICIOUS_MOVE = YES;
				CLANG_WARN_UNGUARDED_AVAILABILITY = YES_AGGRESSIVE;
				CLANG_WARN_UNREACHABLE_CODE = YES;
				CLANG_WARN__DUPLICATE_METHOD_MATCH = YES;
				COPY_PHASE_STRIP = NO;
				DEBUG_INFORMATION_FORMAT = dwarf;
				ENABLE_STRICT_OBJC_MSGSEND = YES;
				ENABLE_TESTABILITY = YES;
				GCC_C_LANGUAGE_STANDARD = gnu11;
				GCC_DYNAMIC_NO_PIC = NO;
				GCC_NO_COMMON_BLOCKS = YES;
				GCC_OPTIMIZATION_LEVEL = 0;
				GCC_PREPROCESSOR_DEFINITIONS = (
					"DEBUG=1",
					"$(inherited)",
				);
				GCC_WARN_64_TO_32_BIT_CONVERSION = YES;
				GCC_WARN_ABOUT_RETURN_TYPE = YES_ERROR;
				GCC_WARN_UNDECLARED_SELECTOR = YES;
				GCC_WARN_UNINITIALIZED_AUTOS = YES_AGGRESSIVE;
				GCC_WARN_UNUSED_FUNCTION = YES;
				GCC_WARN_UNUSED_VARIABLE = YES;
				IPHONEOS_DEPLOYMENT_TARGET = 14.5;
				MTL_ENABLE_DEBUG_INFO = INCLUDE_SOURCE;
				MTL_FAST_MATH = YES;
				ONLY_ACTIVE_ARCH = YES;
				SDKROOT = iphoneos;
				SWIFT_ACTIVE_COMPILATION_CONDITIONS = DEBUG;
				SWIFT_OPTIMIZATION_LEVEL = "-Onone";
			};
			name = Debug;
		};
		BEDBE44826B7DBC80091E5AE /* Release */ = {
			isa = XCBuildConfiguration;
			buildSettings = {
				ALWAYS_SEARCH_USER_PATHS = NO;
				CLANG_ANALYZER_NONNULL = YES;
				CLANG_ANALYZER_NUMBER_OBJECT_CONVERSION = YES_AGGRESSIVE;
				CLANG_CXX_LANGUAGE_STANDARD = "gnu++14";
				CLANG_CXX_LIBRARY = "libc++";
				CLANG_ENABLE_MODULES = YES;
				CLANG_ENABLE_OBJC_ARC = YES;
				CLANG_ENABLE_OBJC_WEAK = YES;
				CLANG_WARN_BLOCK_CAPTURE_AUTORELEASING = YES;
				CLANG_WARN_BOOL_CONVERSION = YES;
				CLANG_WARN_COMMA = YES;
				CLANG_WARN_CONSTANT_CONVERSION = YES;
				CLANG_WARN_DEPRECATED_OBJC_IMPLEMENTATIONS = YES;
				CLANG_WARN_DIRECT_OBJC_ISA_USAGE = YES_ERROR;
				CLANG_WARN_DOCUMENTATION_COMMENTS = YES;
				CLANG_WARN_EMPTY_BODY = YES;
				CLANG_WARN_ENUM_CONVERSION = YES;
				CLANG_WARN_INFINITE_RECURSION = YES;
				CLANG_WARN_INT_CONVERSION = YES;
				CLANG_WARN_NON_LITERAL_NULL_CONVERSION = YES;
				CLANG_WARN_OBJC_IMPLICIT_RETAIN_SELF = YES;
				CLANG_WARN_OBJC_LITERAL_CONVERSION = YES;
				CLANG_WARN_OBJC_ROOT_CLASS = YES_ERROR;
				CLANG_WARN_QUOTED_INCLUDE_IN_FRAMEWORK_HEADER = YES;
				CLANG_WARN_RANGE_LOOP_ANALYSIS = YES;
				CLANG_WARN_STRICT_PROTOTYPES = YES;
				CLANG_WARN_SUSPICIOUS_MOVE = YES;
				CLANG_WARN_UNGUARDED_AVAILABILITY = YES_AGGRESSIVE;
				CLANG_WARN_UNREACHABLE_CODE = YES;
				CLANG_WARN__DUPLICATE_METHOD_MATCH = YES;
				COPY_PHASE_STRIP = NO;
				DEBUG_INFORMATION_FORMAT = "dwarf-with-dsym";
				ENABLE_NS_ASSERTIONS = NO;
				ENABLE_STRICT_OBJC_MSGSEND = YES;
				GCC_C_LANGUAGE_STANDARD = gnu11;
				GCC_NO_COMMON_BLOCKS = YES;
				GCC_WARN_64_TO_32_BIT_CONVERSION = YES;
				GCC_WARN_ABOUT_RETURN_TYPE = YES_ERROR;
				GCC_WARN_UNDECLARED_SELECTOR = YES;
				GCC_WARN_UNINITIALIZED_AUTOS = YES_AGGRESSIVE;
				GCC_WARN_UNUSED_FUNCTION = YES;
				GCC_WARN_UNUSED_VARIABLE = YES;
				IPHONEOS_DEPLOYMENT_TARGET = 14.5;
				MTL_ENABLE_DEBUG_INFO = NO;
				MTL_FAST_MATH = YES;
				SDKROOT = iphoneos;
				SWIFT_COMPILATION_MODE = wholemodule;
				SWIFT_OPTIMIZATION_LEVEL = "-O";
				VALIDATE_PRODUCT = YES;
			};
			name = Release;
		};
		BEDBE44A26B7DBC80091E5AE /* Debug */ = {
			isa = XCBuildConfiguration;
			baseConfigurationReference = 2E4A9A61E04934448D2961B6 /* Pods-SHLModelEvaluation.debug.xcconfig */;
			buildSettings = {
				ASSETCATALOG_COMPILER_APPICON_NAME = AppIcon;
				ASSETCATALOG_COMPILER_GLOBAL_ACCENT_COLOR_NAME = AccentColor;
				CODE_SIGN_STYLE = Automatic;
				DEVELOPMENT_ASSET_PATHS = "\"Prototype/Preview Content\"";
				DEVELOPMENT_TEAM = S36925NV4E;
				ENABLE_PREVIEWS = YES;
				INFOPLIST_FILE = Prototype/Info.plist;
				IPHONEOS_DEPLOYMENT_TARGET = 14.0;
				LD_RUNPATH_SEARCH_PATHS = (
					"$(inherited)",
					"@executable_path/Frameworks",
				);
				PRODUCT_BUNDLE_IDENTIFIER = "com.philippmatthes.shl-model-evaluation.SHLModelEvaluation";
				PRODUCT_NAME = "$(TARGET_NAME)";
				SWIFT_VERSION = 5.0;
				TARGETED_DEVICE_FAMILY = "1,2";
			};
			name = Debug;
		};
		BEDBE44B26B7DBC80091E5AE /* Release */ = {
			isa = XCBuildConfiguration;
			baseConfigurationReference = 67AE18E9391D63D392A4B584 /* Pods-SHLModelEvaluation.release.xcconfig */;
			buildSettings = {
				ASSETCATALOG_COMPILER_APPICON_NAME = AppIcon;
				ASSETCATALOG_COMPILER_GLOBAL_ACCENT_COLOR_NAME = AccentColor;
				CODE_SIGN_STYLE = Automatic;
				DEVELOPMENT_ASSET_PATHS = "\"Prototype/Preview Content\"";
				DEVELOPMENT_TEAM = S36925NV4E;
				ENABLE_PREVIEWS = YES;
				INFOPLIST_FILE = Prototype/Info.plist;
				IPHONEOS_DEPLOYMENT_TARGET = 14.0;
				LD_RUNPATH_SEARCH_PATHS = (
					"$(inherited)",
					"@executable_path/Frameworks",
				);
				PRODUCT_BUNDLE_IDENTIFIER = "com.philippmatthes.shl-model-evaluation.SHLModelEvaluation";
				PRODUCT_NAME = "$(TARGET_NAME)";
				SWIFT_VERSION = 5.0;
				TARGETED_DEVICE_FAMILY = "1,2";
			};
			name = Release;
		};
/* End XCBuildConfiguration section */

/* Begin XCConfigurationList section */
		BE1D4D5A26DFB5A100F9A0DD /* Build configuration list for PBXNativeTarget "SHLModelEvaluationTests" */ = {
			isa = XCConfigurationList;
			buildConfigurations = (
				BE1D4D5B26DFB5A100F9A0DD /* Debug */,
				BE1D4D5C26DFB5A100F9A0DD /* Release */,
			);
			defaultConfigurationIsVisible = 0;
			defaultConfigurationName = Release;
		};
		BEDBE43526B7DBC70091E5AE /* Build configuration list for PBXProject "SHLModelEvaluation" */ = {
			isa = XCConfigurationList;
			buildConfigurations = (
				BEDBE44726B7DBC80091E5AE /* Debug */,
				BEDBE44826B7DBC80091E5AE /* Release */,
			);
			defaultConfigurationIsVisible = 0;
			defaultConfigurationName = Release;
		};
		BEDBE44926B7DBC80091E5AE /* Build configuration list for PBXNativeTarget "SHLModelEvaluation" */ = {
			isa = XCConfigurationList;
			buildConfigurations = (
				BEDBE44A26B7DBC80091E5AE /* Debug */,
				BEDBE44B26B7DBC80091E5AE /* Release */,
			);
			defaultConfigurationIsVisible = 0;
			defaultConfigurationName = Release;
		};
/* End XCConfigurationList section */
	};
	rootObject = BEDBE43226B7DBC70091E5AE /* Project object */;
}
